
Microsoft Visual Studio Solution File, Format Version 12.00
# Visual Studio Version 16
VisualStudioVersion = 16.0.31729.503
MinimumVisualStudioVersion = 10.0.40219.1
Project("{FAE04EC0-301F-11D3-BF4B-00C04F79EFBC}") = "HomeWork20", "HomeWork20\HomeWork20.csproj", "{B020C72B-FFD5-4F26-BEFB-D5F529B1EC3E}"
EndProject
Global
	GlobalSection(SolutionConfigurationPlatforms) = preSolution
		Debug|Any CPU = Debug|Any CPU
		Release|Any CPU = Release|Any CPU
	EndGlobalSection
	GlobalSection(ProjectConfigurationPlatforms) = postSolution
		{B020C72B-FFD5-4F26-BEFB-D5F529B1EC3E}.Debug|Any CPU.ActiveCfg = Debug|Any CPU
		{B020C72B-FFD5-4F26-BEFB-D5F529B1EC3E}.Debug|Any CPU.Build.0 = Debug|Any CPU
		{B020C72B-FFD5-4F26-BEFB-D5F529B1EC3E}.Release|Any CPU.ActiveCfg = Release|Any CPU
		{B020C72B-FFD5-4F26-BEFB-D5F529B1EC3E}.Release|Any CPU.Build.0 = Release|Any CPU
	EndGlobalSection
	GlobalSection(SolutionProperties) = preSolution
		HideSolutionNode = FALSE
	EndGlobalSection
	GlobalSection(ExtensibilityGlobals) = postSolution
		SolutionGuid = {1DA8BC3B-B69E-4A73-8F11-4FAECC73DF19}
	EndGlobalSection
EndGlobal
